<Solution>
  <Project Path="frontend/frontend.esproj">
    <Build />
  </Project>
  <Project Path="GoogleAppMods.AppHost/GoogleAppMods.AppHost.csproj" />
  <Project Path="GoogleAppMods.GmailSweeper/GoogleAppMods.GmailSweeper.csproj" />
  <Project Path="GoogleAppMods.Server/GoogleAppMods.Server.csproj" />
  <Project Path="GoogleAppMods.YouTubeWatchTheseCleanup/GoogleAppMods.YouTubeWatchTheseCleanup.csproj" />
</Solution>
